{
  "nodes": {
    "nixpkgs": {
      "locked": {
        "lastModified": 1737632463,
        "narHash": "sha256-38J9QfeGSej341ouwzqf77WIHAScihAKCt8PQJ+NH28=",
        "path": "/nix/store/8dh0832snzamw6wk2rdfjz29xdzgma49-source",
        "rev": "0aa475546ed21629c4f5bbf90e38c846a99ec9e9",
        "type": "path"
      },
      "original": {
        "id": "nixpkgs",
        "type": "indirect"
      }
    },
    "root": {
      "inputs": {
        "nixpkgs": "nixpkgs"
      }
    }
  },
  "root": "root",
  "version": 7
}
